
Microsoft Visual Studio Solution File, Format Version 12.00
# Visual Studio Version 17
VisualStudioVersion = 17.10.35013.160
MinimumVisualStudioVersion = 10.0.40219.1
Project("{FAE04EC0-301F-11D3-BF4B-00C04F79EFBC}") = "Books", "Books\Books.csproj", "{14D7B865-5C4C-44CB-BD81-585EC5CCC1CE}"
EndProject
Global
	GlobalSection(SolutionConfigurationPlatforms) = preSolution
		Debug|Any CPU = Debug|Any CPU
		Release|Any CPU = Release|Any CPU
	EndGlobalSection
	GlobalSection(ProjectConfigurationPlatforms) = postSolution
		{14D7B865-5C4C-44CB-BD81-585EC5CCC1CE}.Debug|Any CPU.ActiveCfg = Debug|Any CPU
		{14D7B865-5C4C-44CB-BD81-585EC5CCC1CE}.Debug|Any CPU.Build.0 = Debug|Any CPU
		{14D7B865-5C4C-44CB-BD81-585EC5CCC1CE}.Release|Any CPU.ActiveCfg = Release|Any CPU
		{14D7B865-5C4C-44CB-BD81-585EC5CCC1CE}.Release|Any CPU.Build.0 = Release|Any CPU
	EndGlobalSection
	GlobalSection(SolutionProperties) = preSolution
		HideSolutionNode = FALSE
	EndGlobalSection
	GlobalSection(ExtensibilityGlobals) = postSolution
		SolutionGuid = {79C2ACD8-2F51-4674-A842-8EF9CB66AFDD}
	EndGlobalSection
EndGlobal
